
Microsoft Visual Studio Solution File, Format Version 12.00
# Visual Studio Version 17
VisualStudioVersion = 17.8.34511.84
MinimumVisualStudioVersion = 10.0.40219.1
Project("{FAE04EC0-301F-11D3-BF4B-00C04F79EFBC}") = "WPF4", "WPF4\WPF4.csproj", "{A508E069-5AE5-42F4-8102-746B193AC9D2}"
EndProject
Project("{FAE04EC0-301F-11D3-BF4B-00C04F79EFBC}") = "WPF7", "WPF7\WPF7.csproj", "{35E67E6C-043A-43FB-ABE0-625F119331FA}"
EndProject
Project("{FAE04EC0-301F-11D3-BF4B-00C04F79EFBC}") = "WPF8", "WPF8\WPF8.csproj", "{36FC0152-650A-4B5E-8F09-3020D85BE32A}"
EndProject
Global
	GlobalSection(SolutionConfigurationPlatforms) = preSolution
		Debug|Any CPU = Debug|Any CPU
		Release|Any CPU = Release|Any CPU
	EndGlobalSection
	GlobalSection(ProjectConfigurationPlatforms) = postSolution
		{A508E069-5AE5-42F4-8102-746B193AC9D2}.Debug|Any CPU.ActiveCfg = Debug|Any CPU
		{A508E069-5AE5-42F4-8102-746B193AC9D2}.Debug|Any CPU.Build.0 = Debug|Any CPU
		{A508E069-5AE5-42F4-8102-746B193AC9D2}.Release|Any CPU.ActiveCfg = Release|Any CPU
		{A508E069-5AE5-42F4-8102-746B193AC9D2}.Release|Any CPU.Build.0 = Release|Any CPU
		{35E67E6C-043A-43FB-ABE0-625F119331FA}.Debug|Any CPU.ActiveCfg = Debug|Any CPU
		{35E67E6C-043A-43FB-ABE0-625F119331FA}.Debug|Any CPU.Build.0 = Debug|Any CPU
		{35E67E6C-043A-43FB-ABE0-625F119331FA}.Release|Any CPU.ActiveCfg = Release|Any CPU
		{35E67E6C-043A-43FB-ABE0-625F119331FA}.Release|Any CPU.Build.0 = Release|Any CPU
		{36FC0152-650A-4B5E-8F09-3020D85BE32A}.Debug|Any CPU.ActiveCfg = Debug|Any CPU
		{36FC0152-650A-4B5E-8F09-3020D85BE32A}.Debug|Any CPU.Build.0 = Debug|Any CPU
		{36FC0152-650A-4B5E-8F09-3020D85BE32A}.Release|Any CPU.ActiveCfg = Release|Any CPU
		{36FC0152-650A-4B5E-8F09-3020D85BE32A}.Release|Any CPU.Build.0 = Release|Any CPU
	EndGlobalSection
	GlobalSection(SolutionProperties) = preSolution
		HideSolutionNode = FALSE
	EndGlobalSection
	GlobalSection(ExtensibilityGlobals) = postSolution
		SolutionGuid = {85D541A6-E026-4256-AC22-3FA344EF8B95}
	EndGlobalSection
EndGlobal
